// !$*UTF8*$!
{
	archiveVersion = 1;
	classes = {
	};
	objectVersion = 45;
	objects = {

/* Begin PBXAggregateTarget section */
		24416B8111C4CA220047AFDD /* Build & Test */ = {
			isa = PBXAggregateTarget;
			buildConfigurationList = 24416B8A11C4CA520047AFDD /* Build configuration list for PBXAggregateTarget "Build & Test" */;
			buildPhases = (
				24416B8011C4CA220047AFDD /* ShellScript */,
			);
			dependencies = (
				24416B8511C4CA280047AFDD /* PBXTargetDependency */,
			);
			name = "Build & Test";
			productName = "Build & test";
		};
/* End PBXAggregateTarget section */

/* Begin PBXBuildFile section */
		24DD6CF91134B3F500162E58 /* TiAdvanceddatabaseModule.h in Headers */ = {isa = PBXBuildFile; fileRef = 24DD6CF71134B3F500162E58 /* TiAdvanceddatabaseModule.h */; };
		24DD6CFA1134B3F500162E58 /* TiAdvanceddatabaseModule.m in Sources */ = {isa = PBXBuildFile; fileRef = 24DD6CF81134B3F500162E58 /* TiAdvanceddatabaseModule.m */; };
		849E6048178CCDD500DAE579 /* PlausibleDatabase.h in Headers */ = {isa = PBXBuildFile; fileRef = 849E6039178CCDD500DAE579 /* PlausibleDatabase.h */; };
		849E6049178CCDD500DAE579 /* PlausibleDatabase.m in Sources */ = {isa = PBXBuildFile; fileRef = 849E603A178CCDD500DAE579 /* PlausibleDatabase.m */; };
		849E604A178CCDD500DAE579 /* PLDatabase.h in Headers */ = {isa = PBXBuildFile; fileRef = 849E603B178CCDD500DAE579 /* PLDatabase.h */; };
		849E604B178CCDD500DAE579 /* PLPreparedStatement.h in Headers */ = {isa = PBXBuildFile; fileRef = 849E603C178CCDD500DAE579 /* PLPreparedStatement.h */; };
		849E604C178CCDD500DAE579 /* PLResultSet.h in Headers */ = {isa = PBXBuildFile; fileRef = 849E603D178CCDD500DAE579 /* PLResultSet.h */; };
		849E604D178CCDD500DAE579 /* PLSqliteDatabase.h in Headers */ = {isa = PBXBuildFile; fileRef = 849E603E178CCDD500DAE579 /* PLSqliteDatabase.h */; };
		849E604E178CCDD500DAE579 /* PLSqliteDatabase.m in Sources */ = {isa = PBXBuildFile; fileRef = 849E603F178CCDD500DAE579 /* PLSqliteDatabase.m */; };
		849E604F178CCDD500DAE579 /* PLSqlitePreparedStatement.h in Headers */ = {isa = PBXBuildFile; fileRef = 849E6040178CCDD500DAE579 /* PLSqlitePreparedStatement.h */; };
		849E6050178CCDD500DAE579 /* PLSqlitePreparedStatement.m in Sources */ = {isa = PBXBuildFile; fileRef = 849E6041178CCDD500DAE579 /* PLSqlitePreparedStatement.m */; };
		849E6051178CCDD500DAE579 /* PLSqliteResultSet.h in Headers */ = {isa = PBXBuildFile; fileRef = 849E6042178CCDD500DAE579 /* PLSqliteResultSet.h */; };
		849E6052178CCDD500DAE579 /* PLSqliteResultSet.m in Sources */ = {isa = PBXBuildFile; fileRef = 849E6043178CCDD500DAE579 /* PLSqliteResultSet.m */; };
		849E6053178CCDD500DAE579 /* TiAdvanceddatabaseProxy.h in Headers */ = {isa = PBXBuildFile; fileRef = 849E6044178CCDD500DAE579 /* TiAdvanceddatabaseProxy.h */; };
		849E6054178CCDD500DAE579 /* TiAdvanceddatabaseProxy.m in Sources */ = {isa = PBXBuildFile; fileRef = 849E6045178CCDD500DAE579 /* TiAdvanceddatabaseProxy.m */; };
		849E6055178CCDD500DAE579 /* TiAdvanceddatabaseResultSetProxy.h in Headers */ = {isa = PBXBuildFile; fileRef = 849E6046178CCDD500DAE579 /* TiAdvanceddatabaseResultSetProxy.h */; };
		849E6056178CCDD500DAE579 /* TiAdvanceddatabaseResultSetProxy.m in Sources */ = {isa = PBXBuildFile; fileRef = 849E6047178CCDD500DAE579 /* TiAdvanceddatabaseResultSetProxy.m */; };
		AA747D9F0F9514B9006C5449 /* TiAdvanceddatabase_Prefix.pch in Headers */ = {isa = PBXBuildFile; fileRef = AA747D9E0F9514B9006C5449 /* TiAdvanceddatabase_Prefix.pch */; };
		AACBBE4A0F95108600F1A2B1 /* Foundation.framework in Frameworks */ = {isa = PBXBuildFile; fileRef = AACBBE490F95108600F1A2B1 /* Foundation.framework */; };
/* End PBXBuildFile section */

/* Begin PBXContainerItemProxy section */
		24416B8411C4CA280047AFDD /* PBXContainerItemProxy */ = {
			isa = PBXContainerItemProxy;
			containerPortal = 0867D690FE84028FC02AAC07 /* Project object */;
			proxyType = 1;
			remoteGlobalIDString = D2AAC07D0554694100DB518D;
			remoteInfo = TiAdvancedDatabase;
		};
/* End PBXContainerItemProxy section */

/* Begin PBXFileReference section */
		24DD6CF71134B3F500162E58 /* TiAdvanceddatabaseModule.h */ = {isa = PBXFileReference; fileEncoding = 4; lastKnownFileType = sourcecode.c.h; name = TiAdvanceddatabaseModule.h; path = Classes/TiAdvanceddatabaseModule.h; sourceTree = "<group>"; };
		24DD6CF81134B3F500162E58 /* TiAdvanceddatabaseModule.m */ = {isa = PBXFileReference; fileEncoding = 4; lastKnownFileType = sourcecode.c.objc; name = TiAdvanceddatabaseModule.m; path = Classes/TiAdvanceddatabaseModule.m; sourceTree = "<group>"; };
		24DD6D1B1134B66800162E58 /* titanium.xcconfig */ = {isa = PBXFileReference; fileEncoding = 4; lastKnownFileType = text.xcconfig; path = titanium.xcconfig; sourceTree = "<group>"; };
		849E6039178CCDD500DAE579 /* PlausibleDatabase.h */ = {isa = PBXFileReference; fileEncoding = 4; lastKnownFileType = sourcecode.c.h; path = PlausibleDatabase.h; sourceTree = "<group>"; };
		849E603A178CCDD500DAE579 /* PlausibleDatabase.m */ = {isa = PBXFileReference; fileEncoding = 4; lastKnownFileType = sourcecode.c.objc; path = PlausibleDatabase.m; sourceTree = "<group>"; };
		849E603B178CCDD500DAE579 /* PLDatabase.h */ = {isa = PBXFileReference; fileEncoding = 4; lastKnownFileType = sourcecode.c.h; path = PLDatabase.h; sourceTree = "<group>"; };
		849E603C178CCDD500DAE579 /* PLPreparedStatement.h */ = {isa = PBXFileReference; fileEncoding = 4; lastKnownFileType = sourcecode.c.h; path = PLPreparedStatement.h; sourceTree = "<group>"; };
		849E603D178CCDD500DAE579 /* PLResultSet.h */ = {isa = PBXFileReference; fileEncoding = 4; lastKnownFileType = sourcecode.c.h; path = PLResultSet.h; sourceTree = "<group>"; };
		849E603E178CCDD500DAE579 /* PLSqliteDatabase.h */ = {isa = PBXFileReference; fileEncoding = 4; lastKnownFileType = sourcecode.c.h; path = PLSqliteDatabase.h; sourceTree = "<group>"; };
		849E603F178CCDD500DAE579 /* PLSqliteDatabase.m */ = {isa = PBXFileReference; fileEncoding = 4; lastKnownFileType = sourcecode.c.objc; path = PLSqliteDatabase.m; sourceTree = "<group>"; };
		849E6040178CCDD500DAE579 /* PLSqlitePreparedStatement.h */ = {isa = PBXFileReference; fileEncoding = 4; lastKnownFileType = sourcecode.c.h; path = PLSqlitePreparedStatement.h; sourceTree = "<group>"; };
		849E6041178CCDD500DAE579 /* PLSqlitePreparedStatement.m */ = {isa = PBXFileReference; fileEncoding = 4; lastKnownFileType = sourcecode.c.objc; path = PLSqlitePreparedStatement.m; sourceTree = "<group>"; };
		849E6042178CCDD500DAE579 /* PLSqliteResultSet.h */ = {isa = PBXFileReference; fileEncoding = 4; lastKnownFileType = sourcecode.c.h; path = PLSqliteResultSet.h; sourceTree = "<group>"; };
		849E6043178CCDD500DAE579 /* PLSqliteResultSet.m */ = {isa = PBXFileReference; fileEncoding = 4; lastKnownFileType = sourcecode.c.objc; path = PLSqliteResultSet.m; sourceTree = "<group>"; };
		849E6044178CCDD500DAE579 /* TiAdvanceddatabaseProxy.h */ = {isa = PBXFileReference; fileEncoding = 4; lastKnownFileType = sourcecode.c.h; name = TiAdvanceddatabaseProxy.h; path = Classes/TiAdvanceddatabaseProxy.h; sourceTree = "<group>"; };
		849E6045178CCDD500DAE579 /* TiAdvanceddatabaseProxy.m */ = {isa = PBXFileReference; fileEncoding = 4; lastKnownFileType = sourcecode.c.objc; name = TiAdvanceddatabaseProxy.m; path = Classes/TiAdvanceddatabaseProxy.m; sourceTree = "<group>"; };
		849E6046178CCDD500DAE579 /* TiAdvanceddatabaseResultSetProxy.h */ = {isa = PBXFileReference; fileEncoding = 4; lastKnownFileType = sourcecode.c.h; name = TiAdvanceddatabaseResultSetProxy.h; path = Classes/TiAdvanceddatabaseResultSetProxy.h; sourceTree = "<group>"; };
		849E6047178CCDD500DAE579 /* TiAdvanceddatabaseResultSetProxy.m */ = {isa = PBXFileReference; fileEncoding = 4; lastKnownFileType = sourcecode.c.objc; name = TiAdvanceddatabaseResultSetProxy.m; path = Classes/TiAdvanceddatabaseResultSetProxy.m; sourceTree = "<group>"; };
		AA747D9E0F9514B9006C5449 /* TiAdvanceddatabase_Prefix.pch */ = {isa = PBXFileReference; fileEncoding = 4; lastKnownFileType = sourcecode.c.h; path = TiAdvanceddatabase_Prefix.pch; sourceTree = SOURCE_ROOT; };
		AACBBE490F95108600F1A2B1 /* Foundation.framework */ = {isa = PBXFileReference; lastKnownFileType = wrapper.framework; name = Foundation.framework; path = System/Library/Frameworks/Foundation.framework; sourceTree = SDKROOT; };
		D2AAC07E0554694100DB518D /* libTiAdvanceddatabase.a */ = {isa = PBXFileReference; explicitFileType = archive.ar; includeInIndex = 0; path = libTiAdvanceddatabase.a; sourceTree = BUILT_PRODUCTS_DIR; };
/* End PBXFileReference section */

/* Begin PBXFrameworksBuildPhase section */
		D2AAC07C0554694100DB518D /* Frameworks */ = {
			isa = PBXFrameworksBuildPhase;
			buildActionMask = 2147483647;
			files = (
				AACBBE4A0F95108600F1A2B1 /* Foundation.framework in Frameworks */,
			);
			runOnlyForDeploymentPostprocessing = 0;
		};
/* End PBXFrameworksBuildPhase section */

/* Begin PBXGroup section */
		034768DFFF38A50411DB9C8B /* Products */ = {
			isa = PBXGroup;
			children = (
				D2AAC07E0554694100DB518D /* libTiAdvanceddatabase.a */,
			);
			name = Products;
			sourceTree = "<group>";
		};
		0867D691FE84028FC02AAC07 /* TiAdvancedDatabase */ = {
			isa = PBXGroup;
			children = (
				08FB77AEFE84172EC02AAC07 /* Classes */,
				32C88DFF0371C24200C91783 /* Other Sources */,
				0867D69AFE84028FC02AAC07 /* Frameworks */,
				034768DFFF38A50411DB9C8B /* Products */,
			);
			name = TiAdvancedDatabase;
			sourceTree = "<group>";
		};
		0867D69AFE84028FC02AAC07 /* Frameworks */ = {
			isa = PBXGroup;
			children = (
				AACBBE490F95108600F1A2B1 /* Foundation.framework */,
			);
			name = Frameworks;
			sourceTree = "<group>";
		};
		08FB77AEFE84172EC02AAC07 /* Classes */ = {
			isa = PBXGroup;
			children = (
				24DD6CF71134B3F500162E58 /* TiAdvanceddatabaseModule.h */,
				24DD6CF81134B3F500162E58 /* TiAdvanceddatabaseModule.m */,
				849E6038178CCDD500DAE579 /* PlausibleDatabase */,
				849E6044178CCDD500DAE579 /* TiAdvanceddatabaseProxy.h */,
				849E6045178CCDD500DAE579 /* TiAdvanceddatabaseProxy.m */,
				849E6046178CCDD500DAE579 /* TiAdvanceddatabaseResultSetProxy.h */,
				849E6047178CCDD500DAE579 /* TiAdvanceddatabaseResultSetProxy.m */,
			);
			name = Classes;
			sourceTree = "<group>";
		};
		32C88DFF0371C24200C91783 /* Other Sources */ = {
			isa = PBXGroup;
			children = (
				AA747D9E0F9514B9006C5449 /* TiAdvanceddatabase_Prefix.pch */,
				24DD6D1B1134B66800162E58 /* titanium.xcconfig */,
			);
			name = "Other Sources";
			sourceTree = "<group>";
		};
		849E6038178CCDD500DAE579 /* PlausibleDatabase */ = {
			isa = PBXGroup;
			children = (
				849E6039178CCDD500DAE579 /* PlausibleDatabase.h */,
				849E603A178CCDD500DAE579 /* PlausibleDatabase.m */,
				849E603B178CCDD500DAE579 /* PLDatabase.h */,
				849E603C178CCDD500DAE579 /* PLPreparedStatement.h */,
				849E603D178CCDD500DAE579 /* PLResultSet.h */,
				849E603E178CCDD500DAE579 /* PLSqliteDatabase.h */,
				849E603F178CCDD500DAE579 /* PLSqliteDatabase.m */,
				849E6040178CCDD500DAE579 /* PLSqlitePreparedStatement.h */,
				849E6041178CCDD500DAE579 /* PLSqlitePreparedStatement.m */,
				849E6042178CCDD500DAE579 /* PLSqliteResultSet.h */,
				849E6043178CCDD500DAE579 /* PLSqliteResultSet.m */,
			);
			name = PlausibleDatabase;
			path = Classes/PlausibleDatabase;
			sourceTree = "<group>";
		};
/* End PBXGroup section */

/* Begin PBXHeadersBuildPhase section */
		D2AAC07A0554694100DB518D /* Headers */ = {
			isa = PBXHeadersBuildPhase;
			buildActionMask = 2147483647;
			files = (
				AA747D9F0F9514B9006C5449 /* TiAdvanceddatabase_Prefix.pch in Headers */,
				24DD6CF91134B3F500162E58 /* TiAdvanceddatabaseModule.h in Headers */,
				849E6048178CCDD500DAE579 /* PlausibleDatabase.h in Headers */,
				849E604A178CCDD500DAE579 /* PLDatabase.h in Headers */,
				849E604B178CCDD500DAE579 /* PLPreparedStatement.h in Headers */,
				849E604C178CCDD500DAE579 /* PLResultSet.h in Headers */,
				849E604D178CCDD500DAE579 /* PLSqliteDatabase.h in Headers */,
				849E604F178CCDD500DAE579 /* PLSqlitePreparedStatement.h in Headers */,
				849E6051178CCDD500DAE579 /* PLSqliteResultSet.h in Headers */,
				849E6053178CCDD500DAE579 /* TiAdvanceddatabaseProxy.h in Headers */,
				849E6055178CCDD500DAE579 /* TiAdvanceddatabaseResultSetProxy.h in Headers */,
			);
			runOnlyForDeploymentPostprocessing = 0;
		};
/* End PBXHeadersBuildPhase section */

/* Begin PBXNativeTarget section */
		D2AAC07D0554694100DB518D /* TiAdvancedDatabase */ = {
			isa = PBXNativeTarget;
			buildConfigurationList = 1DEB921E08733DC00010E9CD /* Build configuration list for PBXNativeTarget "TiAdvancedDatabase" */;
			buildPhases = (
				D2AAC07A0554694100DB518D /* Headers */,
				D2AAC07B0554694100DB518D /* Sources */,
				D2AAC07C0554694100DB518D /* Frameworks */,
			);
			buildRules = (
			);
			dependencies = (
			);
			name = TiAdvancedDatabase;
			productName = TiAdvancedDatabase;
			productReference = D2AAC07E0554694100DB518D /* libTiAdvanceddatabase.a */;
			productType = "com.apple.product-type.library.static";
		};
/* End PBXNativeTarget section */

/* Begin PBXProject section */
		0867D690FE84028FC02AAC07 /* Project object */ = {
			isa = PBXProject;
			buildConfigurationList = 1DEB922208733DC00010E9CD /* Build configuration list for PBXProject "TiAdvancedDatabase" */;
			compatibilityVersion = "Xcode 3.1";
			developmentRegion = English;
			hasScannedForEncodings = 1;
			knownRegions = (
				English,
				Japanese,
				French,
				German,
			);
			mainGroup = 0867D691FE84028FC02AAC07 /* TiAdvancedDatabase */;
			productRefGroup = 034768DFFF38A50411DB9C8B /* Products */;
			projectDirPath = "";
			projectRoot = "";
			targets = (
				D2AAC07D0554694100DB518D /* TiAdvancedDatabase */,
				24416B8111C4CA220047AFDD /* Build & Test */,
			);
		};
/* End PBXProject section */

/* Begin PBXShellScriptBuildPhase section */
		24416B8011C4CA220047AFDD /* ShellScript */ = {
			isa = PBXShellScriptBuildPhase;
			buildActionMask = 2147483647;
			files = (
			);
			inputPaths = (
			);
			outputPaths = (
			);
			runOnlyForDeploymentPostprocessing = 0;
			shellPath = /bin/sh;
			shellScript = "# shell script goes here\n\npython \"${TITANIUM_SDK}/titanium.py\" run --dir=\"${PROJECT_DIR}\"\nexit $?\n";
		};
/* End PBXShellScriptBuildPhase section */

/* Begin PBXSourcesBuildPhase section */
		D2AAC07B0554694100DB518D /* Sources */ = {
			isa = PBXSourcesBuildPhase;
			buildActionMask = 2147483647;
			files = (
				24DD6CFA1134B3F500162E58 /* TiAdvanceddatabaseModule.m in Sources */,
				849E6049178CCDD500DAE579 /* PlausibleDatabase.m in Sources */,
				849E604E178CCDD500DAE579 /* PLSqliteDatabase.m in Sources */,
				849E6050178CCDD500DAE579 /* PLSqlitePreparedStatement.m in Sources */,
				849E6052178CCDD500DAE579 /* PLSqliteResultSet.m in Sources */,
				849E6054178CCDD500DAE579 /* TiAdvanceddatabaseProxy.m in Sources */,
				849E6056178CCDD500DAE579 /* TiAdvanceddatabaseResultSetProxy.m in Sources */,
			);
			runOnlyForDeploymentPostprocessing = 0;
		};
/* End PBXSourcesBuildPhase section */

/* Begin PBXTargetDependency section */
		24416B8511C4CA280047AFDD /* PBXTargetDependency */ = {
			isa = PBXTargetDependency;
			target = D2AAC07D0554694100DB518D /* TiAdvancedDatabase */;
			targetProxy = 24416B8411C4CA280047AFDD /* PBXContainerItemProxy */;
		};
/* End PBXTargetDependency section */

/* Begin XCBuildConfiguration section */
		1DEB921F08733DC00010E9CD /* Debug */ = {
			isa = XCBuildConfiguration;
			baseConfigurationReference = 24DD6D1B1134B66800162E58 /* titanium.xcconfig */;
			buildSettings = {
				CODE_SIGN_IDENTITY = "iPhone Developer";
				"CODE_SIGN_IDENTITY[sdk=iphoneos*]" = "iPhone Developer";
				DSTROOT = /tmp/TiAdvanceddatabase.dst;
				GCC_C_LANGUAGE_STANDARD = c99;
				GCC_OPTIMIZATION_LEVEL = 0;
				GCC_PRECOMPILE_PREFIX_HEADER = YES;
				GCC_PREFIX_HEADER = TiAdvanceddatabase_Prefix.pch;
				GCC_PREPROCESSOR_DEFINITIONS = "TI_VERSION=$(TI_VERSION)";
				GCC_TREAT_WARNINGS_AS_ERRORS = NO;
				GCC_VERSION = "";
				GCC_WARN_ABOUT_RETURN_TYPE = NO;
				GCC_WARN_MISSING_PARENTHESES = NO;
				GCC_WARN_SHADOW = NO;
				GCC_WARN_STRICT_SELECTOR_MATCH = NO;
				GCC_WARN_UNUSED_FUNCTION = YES;
				GCC_WARN_UNUSED_PARAMETER = NO;
				GCC_WARN_UNUSED_VALUE = NO;
				GCC_WARN_UNUSED_VARIABLE = NO;
				HEADER_SEARCH_PATHS = (
					"$(TITANIUM_BASE_SDK)",
					"$(TITANIUM_BASE_SDK2)",
					"$(TITANIUM_BASE_SDK)/PlausibleDatabase",
				);
				INSTALL_PATH = /usr/local/lib;
				LIBRARY_SEARCH_PATHS = "";
				OTHER_CFLAGS = (
					"-DDEBUG",
					"-DTI_POST_1_2",
				);
				OTHER_LDFLAGS = "-ObjC";
				PRODUCT_NAME = TiAdvanceddatabase;
				PROVISIONING_PROFILE = "";
				"PROVISIONING_PROFILE[sdk=iphoneos*]" = "";
				RUN_CLANG_STATIC_ANALYZER = NO;
				SDKROOT = iphoneos;
				USER_HEADER_SEARCH_PATHS = "";
			};
			name = Debug;
		};
		1DEB922008733DC00010E9CD /* Release */ = {
			isa = XCBuildConfiguration;
			baseConfigurationReference = 24DD6D1B1134B66800162E58 /* titanium.xcconfig */;
			buildSettings = {
				ALWAYS_SEARCH_USER_PATHS = NO;
				DSTROOT = /tmp/TiAdvanceddatabase.dst;
				GCC_C_LANGUAGE_STANDARD = c99;
				GCC_MODEL_TUNING = G5;
				GCC_PRECOMPILE_PREFIX_HEADER = YES;
				GCC_PREFIX_HEADER = TiAdvanceddatabase_Prefix.pch;
				GCC_PREPROCESSOR_DEFINITIONS = "TI_VERSION=$(TI_VERSION)";
				GCC_TREAT_WARNINGS_AS_ERRORS = NO;
				GCC_VERSION = "";
				GCC_WARN_ABOUT_RETURN_TYPE = NO;
				GCC_WARN_MISSING_PARENTHESES = NO;
				GCC_WARN_SHADOW = NO;
				GCC_WARN_STRICT_SELECTOR_MATCH = NO;
				GCC_WARN_UNUSED_FUNCTION = YES;
				GCC_WARN_UNUSED_PARAMETER = NO;
				GCC_WARN_UNUSED_VALUE = NO;
				GCC_WARN_UNUSED_VARIABLE = NO;
				HEADER_SEARCH_PATHS = (
					"$(TITANIUM_BASE_SDK)",
					"$(TITANIUM_BASE_SDK2)",
					"$(TITANIUM_BASE_SDK)/PlausibleDatabase",
				);
				INSTALL_PATH = /usr/local/lib;
				IPHONEOS_DEPLOYMENT_TARGET = 4.0;
				LIBRARY_SEARCH_PATHS = "";
				OTHER_CFLAGS = "-DTI_POST_1_2";
				OTHER_LDFLAGS = "-ObjC";
				PRODUCT_NAME = TiAdvanceddatabase;
				RUN_CLANG_STATIC_ANALYZER = NO;
				SDKROOT = iphoneos;
				USER_HEADER_SEARCH_PATHS = "";
			};
			name = Release;
		};
		1DEB922308733DC00010E9CD /* Debug */ = {
			isa = XCBuildConfiguration;
			baseConfigurationReference = 24DD6D1B1134B66800162E58 /* titanium.xcconfig */;
			buildSettings = {
				CODE_SIGN_IDENTITY = "iPhone Developer";
				"CODE_SIGN_IDENTITY[sdk=iphoneos*]" = "iPhone Developer";
				DSTROOT = /tmp/TiAdvanceddatabase.dst;
				GCC_C_LANGUAGE_STANDARD = c99;
				GCC_OPTIMIZATION_LEVEL = 0;
				GCC_PRECOMPILE_PREFIX_HEADER = YES;
				GCC_PREFIX_HEADER = TiAdvanceddatabase_Prefix.pch;
				GCC_PREPROCESSOR_DEFINITIONS = "TI_VERSION=$(TI_VERSION)";
				GCC_TREAT_WARNINGS_AS_ERRORS = NO;
				GCC_VERSION = "";
				GCC_WARN_ABOUT_RETURN_TYPE = NO;
				GCC_WARN_MISSING_PARENTHESES = NO;
				GCC_WARN_SHADOW = NO;
				GCC_WARN_STRICT_SELECTOR_MATCH = NO;
				GCC_WARN_UNUSED_FUNCTION = YES;
				GCC_WARN_UNUSED_PARAMETER = NO;
				GCC_WARN_UNUSED_VALUE = NO;
				GCC_WARN_UNUSED_VARIABLE = NO;
				INSTALL_PATH = /usr/local/lib;
				OTHER_CFLAGS = (
					"-DDEBUG",
					"-DTI_POST_1_2",
				);
				OTHER_LDFLAGS = "-ObjC";
				PRODUCT_NAME = TiAdvanceddatabase;
				PROVISIONING_PROFILE = "";
				"PROVISIONING_PROFILE[sdk=iphoneos*]" = "";
				RUN_CLANG_STATIC_ANALYZER = NO;
				SDKROOT = iphoneos;
				USER_HEADER_SEARCH_PATHS = "";
			};
			name = Debug;
		};
		1DEB922408733DC00010E9CD /* Release */ = {
			isa = XCBuildConfiguration;
			baseConfigurationReference = 24DD6D1B1134B66800162E58 /* titanium.xcconfig */;
			buildSettings = {
				ALWAYS_SEARCH_USER_PATHS = NO;
				DSTROOT = /tmp/TiAdvanceddatabase.dst;
				GCC_C_LANGUAGE_STANDARD = c99;
				GCC_MODEL_TUNING = G5;
				GCC_PRECOMPILE_PREFIX_HEADER = YES;
				GCC_PREFIX_HEADER = TiAdvanceddatabase_Prefix.pch;
				GCC_PREPROCESSOR_DEFINITIONS = "TI_VERSION=$(TI_VERSION)";
				GCC_TREAT_WARNINGS_AS_ERRORS = NO;
				GCC_VERSION = "";
				GCC_WARN_ABOUT_RETURN_TYPE = NO;
				GCC_WARN_MISSING_PARENTHESES = NO;
				GCC_WARN_SHADOW = NO;
				GCC_WARN_STRICT_SELECTOR_MATCH = NO;
				GCC_WARN_UNUSED_FUNCTION = YES;
				GCC_WARN_UNUSED_PARAMETER = NO;
				GCC_WARN_UNUSED_VALUE = NO;
				GCC_WARN_UNUSED_VARIABLE = NO;
				INSTALL_PATH = /usr/local/lib;
				IPHONEOS_DEPLOYMENT_TARGET = 4.0;
				OTHER_CFLAGS = "-DTI_POST_1_2";
				OTHER_LDFLAGS = "-ObjC";
				PRODUCT_NAME = TiAdvanceddatabase;
				RUN_CLANG_STATIC_ANALYZER = NO;
				SDKROOT = iphoneos;
				USER_HEADER_SEARCH_PATHS = "";
			};
			name = Release;
		};
		24416B8211C4CA220047AFDD /* Debug */ = {
			isa = XCBuildConfiguration;
			baseConfigurationReference = 24DD6D1B1134B66800162E58 /* titanium.xcconfig */;
			buildSettings = {
				COPY_PHASE_STRIP = NO;
				GCC_DYNAMIC_NO_PIC = NO;
				GCC_OPTIMIZATION_LEVEL = 0;
				PRODUCT_NAME = "Build & test";
			};
			name = Debug;
		};
		24416B8311C4CA220047AFDD /* Release */ = {
			isa = XCBuildConfiguration;
			baseConfigurationReference = 24DD6D1B1134B66800162E58 /* titanium.xcconfig */;
			buildSettings = {
				COPY_PHASE_STRIP = YES;
				DEBUG_INFORMATION_FORMAT = "dwarf-with-dsym";
				GCC_ENABLE_FIX_AND_CONTINUE = NO;
				PRODUCT_NAME = "Build & test";
				ZERO_LINK = NO;
			};
			name = Release;
		};
/* End XCBuildConfiguration section */

/* Begin XCConfigurationList section */
		1DEB921E08733DC00010E9CD /* Build configuration list for PBXNativeTarget "TiAdvancedDatabase" */ = {
			isa = XCConfigurationList;
			buildConfigurations = (
				1DEB921F08733DC00010E9CD /* Debug */,
				1DEB922008733DC00010E9CD /* Release */,
			);
			defaultConfigurationIsVisible = 0;
			defaultConfigurationName = Release;
		};
		1DEB922208733DC00010E9CD /* Build configuration list for PBXProject "TiAdvancedDatabase" */ = {
			isa = XCConfigurationList;
			buildConfigurations = (
				1DEB922308733DC00010E9CD /* Debug */,
				1DEB922408733DC00010E9CD /* Release */,
			);
			defaultConfigurationIsVisible = 0;
			defaultConfigurationName = Release;
		};
		24416B8A11C4CA520047AFDD /* Build configuration list for PBXAggregateTarget "Build & Test" */ = {
			isa = XCConfigurationList;
			buildConfigurations = (
				24416B8211C4CA220047AFDD /* Debug */,
				24416B8311C4CA220047AFDD /* Release */,
			);
			defaultConfigurationIsVisible = 0;
			defaultConfigurationName = Release;
		};
/* End XCConfigurationList section */
	};
	rootObject = 0867D690FE84028FC02AAC07 /* Project object */;
}
